
Microsoft Visual Studio Solution File, Format Version 12.00
# Visual Studio Version 17
VisualStudioVersion = 17.4.33213.308
MinimumVisualStudioVersion = 10.0.40219.1
Project("{FAE04EC0-301F-11D3-BF4B-00C04F79EFBC}") = "TicketService", "TicketService\TicketService.csproj", "{9AC7F4CE-23EE-476F-A252-A544D73E28EB}"
EndProject
Global
	GlobalSection(SolutionConfigurationPlatforms) = preSolution
		Debug|Any CPU = Debug|Any CPU
		Release|Any CPU = Release|Any CPU
	EndGlobalSection
	GlobalSection(ProjectConfigurationPlatforms) = postSolution
		{9AC7F4CE-23EE-476F-A252-A544D73E28EB}.Debug|Any CPU.ActiveCfg = Debug|Any CPU
		{9AC7F4CE-23EE-476F-A252-A544D73E28EB}.Debug|Any CPU.Build.0 = Debug|Any CPU
		{9AC7F4CE-23EE-476F-A252-A544D73E28EB}.Release|Any CPU.ActiveCfg = Release|Any CPU
		{9AC7F4CE-23EE-476F-A252-A544D73E28EB}.Release|Any CPU.Build.0 = Release|Any CPU
	EndGlobalSection
	GlobalSection(SolutionProperties) = preSolution
		HideSolutionNode = FALSE
	EndGlobalSection
	GlobalSection(ExtensibilityGlobals) = postSolution
		SolutionGuid = {FCDE638D-1356-4796-9618-1DC54A1DAAC2}
	EndGlobalSection
EndGlobal
